// !$*UTF8*$!
{
	archiveVersion = 1;
	classes = {
	};
	objectVersion = 50;
	objects = {

/* Begin PBXBuildFile section */
		A1241BEE24B782E1002B5705 /* AppDelegate.swift in Sources */ = {isa = PBXBuildFile; fileRef = A1241BED24B782E1002B5705 /* AppDelegate.swift */; };
		A1241BF024B782E1002B5705 /* SceneDelegate.swift in Sources */ = {isa = PBXBuildFile; fileRef = A1241BEF24B782E1002B5705 /* SceneDelegate.swift */; };
		A1241BF224B782E1002B5705 /* ViewController.swift in Sources */ = {isa = PBXBuildFile; fileRef = A1241BF124B782E1002B5705 /* ViewController.swift */; };
		A1241BF524B782E1002B5705 /* Main.storyboard in Resources */ = {isa = PBXBuildFile; fileRef = A1241BF324B782E1002B5705 /* Main.storyboard */; };
		A1241BFA24B782E4002B5705 /* Assets.xcassets in Resources */ = {isa = PBXBuildFile; fileRef = A1241BF924B782E4002B5705 /* Assets.xcassets */; };
		A1241C0824B7831C002B5705 /* Bungee-Regular.ttf in Resources */ = {isa = PBXBuildFile; fileRef = A1241C0524B7831C002B5705 /* Bungee-Regular.ttf */; };
		A1241C0924B7831C002B5705 /* MeriendaOne-Regular.ttf in Resources */ = {isa = PBXBuildFile; fileRef = A1241C0624B7831C002B5705 /* MeriendaOne-Regular.ttf */; };
		A1241C0A24B7831C002B5705 /* Pacifico-Regular.ttf in Resources */ = {isa = PBXBuildFile; fileRef = A1241C0724B7831C002B5705 /* Pacifico-Regular.ttf */; };
		A17A407424BE2FEA0092BFA1 /* LaunchScreen.storyboard in Resources */ = {isa = PBXBuildFile; fileRef = A17A407324BE2FEA0092BFA1 /* LaunchScreen.storyboard */; };
/* End PBXBuildFile section */

/* Begin PBXFileReference section */
		A1241BEA24B782E1002B5705 /* Tip Calculator.app */ = {isa = PBXFileReference; explicitFileType = wrapper.application; includeInIndex = 0; path = "Tip Calculator.app"; sourceTree = BUILT_PRODUCTS_DIR; };
		A1241BED24B782E1002B5705 /* AppDelegate.swift */ = {isa = PBXFileReference; lastKnownFileType = sourcecode.swift; path = AppDelegate.swift; sourceTree = "<group>"; };
		A1241BEF24B782E1002B5705 /* SceneDelegate.swift */ = {isa = PBXFileReference; lastKnownFileType = sourcecode.swift; path = SceneDelegate.swift; sourceTree = "<group>"; };
		A1241BF124B782E1002B5705 /* ViewController.swift */ = {isa = PBXFileReference; lastKnownFileType = sourcecode.swift; path = ViewController.swift; sourceTree = "<group>"; };
		A1241BF424B782E1002B5705 /* Base */ = {isa = PBXFileReference; lastKnownFileType = file.storyboard; name = Base; path = Base.lproj/Main.storyboard; sourceTree = "<group>"; };
		A1241BF924B782E4002B5705 /* Assets.xcassets */ = {isa = PBXFileReference; lastKnownFileType = folder.assetcatalog; path = Assets.xcassets; sourceTree = "<group>"; };
		A1241BFE24B782E4002B5705 /* Info.plist */ = {isa = PBXFileReference; lastKnownFileType = text.plist.xml; path = Info.plist; sourceTree = "<group>"; };
		A1241C0524B7831C002B5705 /* Bungee-Regular.ttf */ = {isa = PBXFileReference; lastKnownFileType = file; path = "Bungee-Regular.ttf"; sourceTree = "<group>"; };
		A1241C0624B7831C002B5705 /* MeriendaOne-Regular.ttf */ = {isa = PBXFileReference; lastKnownFileType = file; path = "MeriendaOne-Regular.ttf"; sourceTree = "<group>"; };
		A1241C0724B7831C002B5705 /* Pacifico-Regular.ttf */ = {isa = PBXFileReference; lastKnownFileType = file; path = "Pacifico-Regular.ttf"; sourceTree = "<group>"; };
		A17A407324BE2FEA0092BFA1 /* LaunchScreen.storyboard */ = {isa = PBXFileReference; lastKnownFileType = file.storyboard; path = LaunchScreen.storyboard; sourceTree = "<group>"; };
/* End PBXFileReference section */

/* Begin PBXFrameworksBuildPhase section */
		A1241BE724B782E1002B5705 /* Frameworks */ = {
			isa = PBXFrameworksBuildPhase;
			buildActionMask = 2147483647;
			files = (
			);
			runOnlyForDeploymentPostprocessing = 0;
		};
/* End PBXFrameworksBuildPhase section */

/* Begin PBXGroup section */
		A1241BE124B782E1002B5705 = {
			isa = PBXGroup;
			children = (
				A1241BEC24B782E1002B5705 /* Tip Calculator */,
				A1241BEB24B782E1002B5705 /* Products */,
			);
			sourceTree = "<group>";
		};
		A1241BEB24B782E1002B5705 /* Products */ = {
			isa = PBXGroup;
			children = (
				A1241BEA24B782E1002B5705 /* Tip Calculator.app */,
			);
			name = Products;
			sourceTree = "<group>";
		};
		A1241BEC24B782E1002B5705 /* Tip Calculator */ = {
			isa = PBXGroup;
			children = (
				A1241C0424B7831C002B5705 /* Fonts */,
				A1241BED24B782E1002B5705 /* AppDelegate.swift */,
				A1241BEF24B782E1002B5705 /* SceneDelegate.swift */,
				A1241BF124B782E1002B5705 /* ViewController.swift */,
				A1241BF324B782E1002B5705 /* Main.storyboard */,
				A17A407324BE2FEA0092BFA1 /* LaunchScreen.storyboard */,
				A1241BF924B782E4002B5705 /* Assets.xcassets */,
				A1241BFE24B782E4002B5705 /* Info.plist */,
			);
			path = "Tip Calculator";
			sourceTree = "<group>";
		};
		A1241C0424B7831C002B5705 /* Fonts */ = {
			isa = PBXGroup;
			children = (
				A1241C0524B7831C002B5705 /* Bungee-Regular.ttf */,
				A1241C0624B7831C002B5705 /* MeriendaOne-Regular.ttf */,
				A1241C0724B7831C002B5705 /* Pacifico-Regular.ttf */,
			);
			path = Fonts;
			sourceTree = "<group>";
		};
/* End PBXGroup section */

/* Begin PBXNativeTarget section */
		A1241BE924B782E1002B5705 /* Tip Calculator */ = {
			isa = PBXNativeTarget;
			buildConfigurationList = A1241C0124B782E4002B5705 /* Build configuration list for PBXNativeTarget "Tip Calculator" */;
			buildPhases = (
				A1241BE624B782E1002B5705 /* Sources */,
				A1241BE724B782E1002B5705 /* Frameworks */,
				A1241BE824B782E1002B5705 /* Resources */,
			);
			buildRules = (
			);
			dependencies = (
			);
			name = "Tip Calculator";
			productName = "Tip Calculator";
			productReference = A1241BEA24B782E1002B5705 /* Tip Calculator.app */;
			productType = "com.apple.product-type.application";
		};
/* End PBXNativeTarget section */

/* Begin PBXProject section */
		A1241BE224B782E1002B5705 /* Project object */ = {
			isa = PBXProject;
			attributes = {
				LastSwiftUpdateCheck = 1110;
				LastUpgradeCheck = 1110;
				ORGANIZATIONNAME = "Rajesh Budhiraja";
				TargetAttributes = {
					A1241BE924B782E1002B5705 = {
						CreatedOnToolsVersion = 11.1;
					};
				};
			};
			buildConfigurationList = A1241BE524B782E1002B5705 /* Build configuration list for PBXProject "Tip Calculator" */;
			compatibilityVersion = "Xcode 9.3";
			developmentRegion = en;
			hasScannedForEncodings = 0;
			knownRegions = (
				en,
				Base,
			);
			mainGroup = A1241BE124B782E1002B5705;
			productRefGroup = A1241BEB24B782E1002B5705 /* Products */;
			projectDirPath = "";
			projectRoot = "";
			targets = (
				A1241BE924B782E1002B5705 /* Tip Calculator */,
			);
		};
/* End PBXProject section */

/* Begin PBXResourcesBuildPhase section */
		A1241BE824B782E1002B5705 /* Resources */ = {
			isa = PBXResourcesBuildPhase;
			buildActionMask = 2147483647;
			files = (
				A1241C0824B7831C002B5705 /* Bungee-Regular.ttf in Resources */,
				A1241C0924B7831C002B5705 /* MeriendaOne-Regular.ttf in Resources */,
				A1241BFA24B782E4002B5705 /* Assets.xcassets in Resources */,
				A17A407424BE2FEA0092BFA1 /* LaunchScreen.storyboard in Resources */,
				A1241BF524B782E1002B5705 /* Main.storyboard in Resources */,
				A1241C0A24B7831C002B5705 /* Pacifico-Regular.ttf in Resources */,
			);
			runOnlyForDeploymentPostprocessing = 0;
		};
/* End PBXResourcesBuildPhase section */

/* Begin PBXSourcesBuildPhase section */
		A1241BE624B782E1002B5705 /* Sources */ = {
			isa = PBXSourcesBuildPhase;
			buildActionMask = 2147483647;
			files = (
				A1241BF224B782E1002B5705 /* ViewController.swift in Sources */,
				A1241BEE24B782E1002B5705 /* AppDelegate.swift in Sources */,
				A1241BF024B782E1002B5705 /* SceneDelegate.swift in Sources */,
			);
			runOnlyForDeploymentPostprocessing = 0;
		};
/* End PBXSourcesBuildPhase section */

/* Begin PBXVariantGroup section */
		A1241BF324B782E1002B5705 /* Main.storyboard */ = {
			isa = PBXVariantGroup;
			children = (
				A1241BF424B782E1002B5705 /* Base */,
			);
			name = Main.storyboard;
			sourceTree = "<group>";
		};
/* End PBXVariantGroup section */

/* Begin XCBuildConfiguration section */
		A1241BFF24B782E4002B5705 /* Debug */ = {
			isa = XCBuildConfiguration;
			buildSettings = {
				ALWAYS_SEARCH_USER_PATHS = NO;
				CLANG_ANALYZER_NONNULL = YES;
				CLANG_ANALYZER_NUMBER_OBJECT_CONVERSION = YES_AGGRESSIVE;
				CLANG_CXX_LANGUAGE_STANDARD = "gnu++14";
				CLANG_CXX_LIBRARY = "libc++";
				CLANG_ENABLE_MODULES = YES;
				CLANG_ENABLE_OBJC_ARC = YES;
				CLANG_ENABLE_OBJC_WEAK = YES;
				CLANG_WARN_BLOCK_CAPTURE_AUTORELEASING = YES;
				CLANG_WARN_BOOL_CONVERSION = YES;
				CLANG_WARN_COMMA = YES;
				CLANG_WARN_CONSTANT_CONVERSION = YES;
				CLANG_WARN_DEPRECATED_OBJC_IMPLEMENTATIONS = YES;
				CLANG_WARN_DIRECT_OBJC_ISA_USAGE = YES_ERROR;
				CLANG_WARN_DOCUMENTATION_COMMENTS = YES;
				CLANG_WARN_EMPTY_BODY = YES;
				CLANG_WARN_ENUM_CONVERSION = YES;
				CLANG_WARN_INFINITE_RECURSION = YES;
				CLANG_WARN_INT_CONVERSION = YES;
				CLANG_WARN_NON_LITERAL_NULL_CONVERSION = YES;
				CLANG_WARN_OBJC_IMPLICIT_RETAIN_SELF = YES;
				CLANG_WARN_OBJC_LITERAL_CONVERSION = YES;
				CLANG_WARN_OBJC_ROOT_CLASS = YES_ERROR;
				CLANG_WARN_RANGE_LOOP_ANALYSIS = YES;
				CLANG_WARN_STRICT_PROTOTYPES = YES;
				CLANG_WARN_SUSPICIOUS_MOVE = YES;
				CLANG_WARN_UNGUARDED_AVAILABILITY = YES_AGGRESSIVE;
				CLANG_WARN_UNREACHABLE_CODE = YES;
				CLANG_WARN__DUPLICATE_METHOD_MATCH = YES;
				COPY_PHASE_STRIP = NO;
				DEBUG_INFORMATION_FORMAT = dwarf;
				ENABLE_STRICT_OBJC_MSGSEND = YES;
				ENABLE_TESTABILITY = YES;
				GCC_C_LANGUAGE_STANDARD = gnu11;
				GCC_DYNAMIC_NO_PIC = NO;
				GCC_NO_COMMON_BLOCKS = YES;
				GCC_OPTIMIZATION_LEVEL = 0;
				GCC_PREPROCESSOR_DEFINITIONS = (
					"DEBUG=1",
					"$(inherited)",
				);
				GCC_WARN_64_TO_32_BIT_CONVERSION = YES;
				GCC_WARN_ABOUT_RETURN_TYPE = YES_ERROR;
				GCC_WARN_UNDECLARED_SELECTOR = YES;
				GCC_WARN_UNINITIALIZED_AUTOS = YES_AGGRESSIVE;
				GCC_WARN_UNUSED_FUNCTION = YES;
				GCC_WARN_UNUSED_VARIABLE = YES;
				IPHONEOS_DEPLOYMENT_TARGET = 13.1;
				MTL_ENABLE_DEBUG_INFO = INCLUDE_SOURCE;
				MTL_FAST_MATH = YES;
				ONLY_ACTIVE_ARCH = YES;
				SDKROOT = iphoneos;
				SWIFT_ACTIVE_COMPILATION_CONDITIONS = DEBUG;
				SWIFT_OPTIMIZATION_LEVEL = "-Onone";
			};
			name = Debug;
		};
		A1241C0024B782E4002B5705 /* Release */ = {
			isa = XCBuildConfiguration;
			buildSettings = {
				ALWAYS_SEARCH_USER_PATHS = NO;
				CLANG_ANALYZER_NONNULL = YES;
				CLANG_ANALYZER_NUMBER_OBJECT_CONVERSION = YES_AGGRESSIVE;
				CLANG_CXX_LANGUAGE_STANDARD = "gnu++14";
				CLANG_CXX_LIBRARY = "libc++";
				CLANG_ENABLE_MODULES = YES;
				CLANG_ENABLE_OBJC_ARC = YES;
				CLANG_ENABLE_OBJC_WEAK = YES;
				CLANG_WARN_BLOCK_CAPTURE_AUTORELEASING = YES;
				CLANG_WARN_BOOL_CONVERSION = YES;
				CLANG_WARN_COMMA = YES;
				CLANG_WARN_CONSTANT_CONVERSION = YES;
				CLANG_WARN_DEPRECATED_OBJC_IMPLEMENTATIONS = YES;
				CLANG_WARN_DIRECT_OBJC_ISA_USAGE = YES_ERROR;
				CLANG_WARN_DOCUMENTATION_COMMENTS = YES;
				CLANG_WARN_EMPTY_BODY = YES;
				CLANG_WARN_ENUM_CONVERSION = YES;
				CLANG_WARN_INFINITE_RECURSION = YES;
				CLANG_WARN_INT_CONVERSION = YES;
				CLANG_WARN_NON_LITERAL_NULL_CONVERSION = YES;
				CLANG_WARN_OBJC_IMPLICIT_RETAIN_SELF = YES;
				CLANG_WARN_OBJC_LITERAL_CONVERSION = YES;
				CLANG_WARN_OBJC_ROOT_CLASS = YES_ERROR;
				CLANG_WARN_RANGE_LOOP_ANALYSIS = YES;
				CLANG_WARN_STRICT_PROTOTYPES = YES;
				CLANG_WARN_SUSPICIOUS_MOVE = YES;
				CLANG_WARN_UNGUARDED_AVAILABILITY = YES_AGGRESSIVE;
				CLANG_WARN_UNREACHABLE_CODE = YES;
				CLANG_WARN__DUPLICATE_METHOD_MATCH = YES;
				COPY_PHASE_STRIP = NO;
				DEBUG_INFORMATION_FORMAT = "dwarf-with-dsym";
				ENABLE_NS_ASSERTIONS = NO;
				ENABLE_STRICT_OBJC_MSGSEND = YES;
				GCC_C_LANGUAGE_STANDARD = gnu11;
				GCC_NO_COMMON_BLOCKS = YES;
				GCC_WARN_64_TO_32_BIT_CONVERSION = YES;
				GCC_WARN_ABOUT_RETURN_TYPE = YES_ERROR;
				GCC_WARN_UNDECLARED_SELECTOR = YES;
				GCC_WARN_UNINITIALIZED_AUTOS = YES_AGGRESSIVE;
				GCC_WARN_UNUSED_FUNCTION = YES;
				GCC_WARN_UNUSED_VARIABLE = YES;
				IPHONEOS_DEPLOYMENT_TARGET = 13.1;
				MTL_ENABLE_DEBUG_INFO = NO;
				MTL_FAST_MATH = YES;
				SDKROOT = iphoneos;
				SWIFT_COMPILATION_MODE = wholemodule;
				SWIFT_OPTIMIZATION_LEVEL = "-O";
				VALIDATE_PRODUCT = YES;
			};
			name = Release;
		};
		A1241C0224B782E4002B5705 /* Debug */ = {
			isa = XCBuildConfiguration;
			buildSettings = {
				ASSETCATALOG_COMPILER_APPICON_NAME = AppIcon;
				CODE_SIGN_STYLE = Manual;
				DEVELOPMENT_TEAM = "";
				INFOPLIST_FILE = "Tip Calculator/Info.plist";
				LD_RUNPATH_SEARCH_PATHS = (
					"$(inherited)",
					"@executable_path/Frameworks",
				);
				PRODUCT_BUNDLE_IDENTIFIER = "budhiraja.rajesh.Tip-Calculator";
				PRODUCT_NAME = "$(TARGET_NAME)";
				PROVISIONING_PROFILE_SPECIFIER = "";
				SWIFT_VERSION = 5.0;
				TARGETED_DEVICE_FAMILY = "1,2";
			};
			name = Debug;
		};
		A1241C0324B782E4002B5705 /* Release */ = {
			isa = XCBuildConfiguration;
			buildSettings = {
				ASSETCATALOG_COMPILER_APPICON_NAME = AppIcon;
				CODE_SIGN_STYLE = Manual;
				DEVELOPMENT_TEAM = "";
				INFOPLIST_FILE = "Tip Calculator/Info.plist";
				LD_RUNPATH_SEARCH_PATHS = (
					"$(inherited)",
					"@executable_path/Frameworks",
				);
				PRODUCT_BUNDLE_IDENTIFIER = "budhiraja.rajesh.Tip-Calculator";
				PRODUCT_NAME = "$(TARGET_NAME)";
				PROVISIONING_PROFILE_SPECIFIER = "";
				SWIFT_VERSION = 5.0;
				TARGETED_DEVICE_FAMILY = "1,2";
			};
			name = Release;
		};
/* End XCBuildConfiguration section */

/* Begin XCConfigurationList section */
		A1241BE524B782E1002B5705 /* Build configuration list for PBXProject "Tip Calculator" */ = {
			isa = XCConfigurationList;
			buildConfigurations = (
				A1241BFF24B782E4002B5705 /* Debug */,
				A1241C0024B782E4002B5705 /* Release */,
			);
			defaultConfigurationIsVisible = 0;
			defaultConfigurationName = Release;
		};
		A1241C0124B782E4002B5705 /* Build configuration list for PBXNativeTarget "Tip Calculator" */ = {
			isa = XCConfigurationList;
			buildConfigurations = (
				A1241C0224B782E4002B5705 /* Debug */,
				A1241C0324B782E4002B5705 /* Release */,
			);
			defaultConfigurationIsVisible = 0;
			defaultConfigurationName = Release;
		};
/* End XCConfigurationList section */
	};
	rootObject = A1241BE224B782E1002B5705 /* Project object */;
}
